
Microsoft Visual Studio Solution File, Format Version 12.00
# Visual Studio Version 17
VisualStudioVersion = 17.8.34309.116
MinimumVisualStudioVersion = 10.0.40219.1
Project("{FAE04EC0-301F-11D3-BF4B-00C04F79EFBC}") = "Knihovna_k", "Knihovna_k\Knihovna_k.csproj", "{B6143A83-9CE3-4354-A089-3F3930DD8397}"
EndProject
Global
	GlobalSection(SolutionConfigurationPlatforms) = preSolution
		Debug|Any CPU = Debug|Any CPU
		Release|Any CPU = Release|Any CPU
	EndGlobalSection
	GlobalSection(ProjectConfigurationPlatforms) = postSolution
		{B6143A83-9CE3-4354-A089-3F3930DD8397}.Debug|Any CPU.ActiveCfg = Debug|Any CPU
		{B6143A83-9CE3-4354-A089-3F3930DD8397}.Debug|Any CPU.Build.0 = Debug|Any CPU
		{B6143A83-9CE3-4354-A089-3F3930DD8397}.Release|Any CPU.ActiveCfg = Release|Any CPU
		{B6143A83-9CE3-4354-A089-3F3930DD8397}.Release|Any CPU.Build.0 = Release|Any CPU
	EndGlobalSection
	GlobalSection(SolutionProperties) = preSolution
		HideSolutionNode = FALSE
	EndGlobalSection
	GlobalSection(ExtensibilityGlobals) = postSolution
		SolutionGuid = {DD4A7442-9402-4A0A-A13C-10420C95E7B9}
	EndGlobalSection
EndGlobal
